
Microsoft Visual Studio Solution File, Format Version 12.00
# Visual Studio Version 17
VisualStudioVersion = 17.7.34031.279
MinimumVisualStudioVersion = 10.0.40219.1
Project("{9A19103F-16F7-4668-BE54-9A1E7A4F7556}") = "RunGroops_Social_Media_Website", "Advanced_Web_Application\RunGroops_Social_Media_Website.csproj", "{34BBD329-CA29-488A-837A-F115A0C4FAFB}"
EndProject
Global
	GlobalSection(SolutionConfigurationPlatforms) = preSolution
		Debug|Any CPU = Debug|Any CPU
		Release|Any CPU = Release|Any CPU
	EndGlobalSection
	GlobalSection(ProjectConfigurationPlatforms) = postSolution
		{34BBD329-CA29-488A-837A-F115A0C4FAFB}.Debug|Any CPU.ActiveCfg = Debug|Any CPU
		{34BBD329-CA29-488A-837A-F115A0C4FAFB}.Debug|Any CPU.Build.0 = Debug|Any CPU
		{34BBD329-CA29-488A-837A-F115A0C4FAFB}.Release|Any CPU.ActiveCfg = Release|Any CPU
		{34BBD329-CA29-488A-837A-F115A0C4FAFB}.Release|Any CPU.Build.0 = Release|Any CPU
	EndGlobalSection
	GlobalSection(SolutionProperties) = preSolution
		HideSolutionNode = FALSE
	EndGlobalSection
	GlobalSection(ExtensibilityGlobals) = postSolution
		SolutionGuid = {B4DC09D9-43E6-4D2B-9501-367E431F4E56}
	EndGlobalSection
EndGlobal
